
Microsoft Visual Studio Solution File, Format Version 12.00
# Visual Studio Version 16
VisualStudioVersion = 16.0.31424.327
MinimumVisualStudioVersion = 10.0.40219.1
Project("{FAE04EC0-301F-11D3-BF4B-00C04F79EFBC}") = "Recipes.Android", "Recipes\Recipes.Android\Recipes.Android.csproj", "{8DA6B8E6-A1DA-4BEC-9493-48FC7744CCAE}"
EndProject
Project("{FAE04EC0-301F-11D3-BF4B-00C04F79EFBC}") = "Recipes.iOS", "Recipes\Recipes.iOS\Recipes.iOS.csproj", "{864D9179-8628-44BD-88F4-45C9D23CF278}"
EndProject
Project("{FAE04EC0-301F-11D3-BF4B-00C04F79EFBC}") = "Recipes", "Recipes\Recipes\Recipes.csproj", "{F8D708AD-6666-46F9-9D14-07E3C03CC73D}"
EndProject
Global
	GlobalSection(SolutionConfigurationPlatforms) = preSolution
		Debug|Any CPU = Debug|Any CPU
		Debug|iPhone = Debug|iPhone
		Debug|iPhoneSimulator = Debug|iPhoneSimulator
		Release|Any CPU = Release|Any CPU
		Release|iPhone = Release|iPhone
		Release|iPhoneSimulator = Release|iPhoneSimulator
	EndGlobalSection
	GlobalSection(ProjectConfigurationPlatforms) = postSolution
		{8DA6B8E6-A1DA-4BEC-9493-48FC7744CCAE}.Debug|Any CPU.ActiveCfg = Debug|Any CPU
		{8DA6B8E6-A1DA-4BEC-9493-48FC7744CCAE}.Debug|Any CPU.Build.0 = Debug|Any CPU
		{8DA6B8E6-A1DA-4BEC-9493-48FC7744CCAE}.Debug|Any CPU.Deploy.0 = Debug|Any CPU
		{8DA6B8E6-A1DA-4BEC-9493-48FC7744CCAE}.Debug|iPhone.ActiveCfg = Debug|Any CPU
		{8DA6B8E6-A1DA-4BEC-9493-48FC7744CCAE}.Debug|iPhone.Build.0 = Debug|Any CPU
		{8DA6B8E6-A1DA-4BEC-9493-48FC7744CCAE}.Debug|iPhone.Deploy.0 = Debug|Any CPU
		{8DA6B8E6-A1DA-4BEC-9493-48FC7744CCAE}.Debug|iPhoneSimulator.ActiveCfg = Debug|Any CPU
		{8DA6B8E6-A1DA-4BEC-9493-48FC7744CCAE}.Debug|iPhoneSimulator.Build.0 = Debug|Any CPU
		{8DA6B8E6-A1DA-4BEC-9493-48FC7744CCAE}.Debug|iPhoneSimulator.Deploy.0 = Debug|Any CPU
		{8DA6B8E6-A1DA-4BEC-9493-48FC7744CCAE}.Release|Any CPU.ActiveCfg = Release|Any CPU
		{8DA6B8E6-A1DA-4BEC-9493-48FC7744CCAE}.Release|Any CPU.Build.0 = Release|Any CPU
		{8DA6B8E6-A1DA-4BEC-9493-48FC7744CCAE}.Release|Any CPU.Deploy.0 = Release|Any CPU
		{8DA6B8E6-A1DA-4BEC-9493-48FC7744CCAE}.Release|iPhone.ActiveCfg = Release|Any CPU
		{8DA6B8E6-A1DA-4BEC-9493-48FC7744CCAE}.Release|iPhone.Build.0 = Release|Any CPU
		{8DA6B8E6-A1DA-4BEC-9493-48FC7744CCAE}.Release|iPhone.Deploy.0 = Release|Any CPU
		{8DA6B8E6-A1DA-4BEC-9493-48FC7744CCAE}.Release|iPhoneSimulator.ActiveCfg = Release|Any CPU
		{8DA6B8E6-A1DA-4BEC-9493-48FC7744CCAE}.Release|iPhoneSimulator.Build.0 = Release|Any CPU
		{8DA6B8E6-A1DA-4BEC-9493-48FC7744CCAE}.Release|iPhoneSimulator.Deploy.0 = Release|Any CPU
		{864D9179-8628-44BD-88F4-45C9D23CF278}.Debug|Any CPU.ActiveCfg = Debug|iPhone
		{864D9179-8628-44BD-88F4-45C9D23CF278}.Debug|Any CPU.Build.0 = Debug|iPhone
		{864D9179-8628-44BD-88F4-45C9D23CF278}.Debug|Any CPU.Deploy.0 = Debug|iPhone
		{864D9179-8628-44BD-88F4-45C9D23CF278}.Debug|iPhone.ActiveCfg = Debug|iPhone
		{864D9179-8628-44BD-88F4-45C9D23CF278}.Debug|iPhone.Build.0 = Debug|iPhone
		{864D9179-8628-44BD-88F4-45C9D23CF278}.Debug|iPhone.Deploy.0 = Debug|iPhone
		{864D9179-8628-44BD-88F4-45C9D23CF278}.Debug|iPhoneSimulator.ActiveCfg = Debug|iPhoneSimulator
		{864D9179-8628-44BD-88F4-45C9D23CF278}.Debug|iPhoneSimulator.Build.0 = Debug|iPhoneSimulator
		{864D9179-8628-44BD-88F4-45C9D23CF278}.Debug|iPhoneSimulator.Deploy.0 = Debug|iPhoneSimulator
		{864D9179-8628-44BD-88F4-45C9D23CF278}.Release|Any CPU.ActiveCfg = Release|iPhoneSimulator
		{864D9179-8628-44BD-88F4-45C9D23CF278}.Release|Any CPU.Build.0 = Release|iPhoneSimulator
		{864D9179-8628-44BD-88F4-45C9D23CF278}.Release|Any CPU.Deploy.0 = Release|iPhoneSimulator
		{864D9179-8628-44BD-88F4-45C9D23CF278}.Release|iPhone.ActiveCfg = Release|iPhone
		{864D9179-8628-44BD-88F4-45C9D23CF278}.Release|iPhone.Build.0 = Release|iPhone
		{864D9179-8628-44BD-88F4-45C9D23CF278}.Release|iPhone.Deploy.0 = Release|iPhone
		{864D9179-8628-44BD-88F4-45C9D23CF278}.Release|iPhoneSimulator.ActiveCfg = Release|iPhoneSimulator
		{864D9179-8628-44BD-88F4-45C9D23CF278}.Release|iPhoneSimulator.Build.0 = Release|iPhoneSimulator
		{864D9179-8628-44BD-88F4-45C9D23CF278}.Release|iPhoneSimulator.Deploy.0 = Release|iPhoneSimulator
		{F8D708AD-6666-46F9-9D14-07E3C03CC73D}.Debug|Any CPU.ActiveCfg = Debug|Any CPU
		{F8D708AD-6666-46F9-9D14-07E3C03CC73D}.Debug|Any CPU.Build.0 = Debug|Any CPU
		{F8D708AD-6666-46F9-9D14-07E3C03CC73D}.Debug|Any CPU.Deploy.0 = Debug|Any CPU
		{F8D708AD-6666-46F9-9D14-07E3C03CC73D}.Debug|iPhone.ActiveCfg = Debug|Any CPU
		{F8D708AD-6666-46F9-9D14-07E3C03CC73D}.Debug|iPhone.Build.0 = Debug|Any CPU
		{F8D708AD-6666-46F9-9D14-07E3C03CC73D}.Debug|iPhone.Deploy.0 = Debug|Any CPU
		{F8D708AD-6666-46F9-9D14-07E3C03CC73D}.Debug|iPhoneSimulator.ActiveCfg = Debug|Any CPU
		{F8D708AD-6666-46F9-9D14-07E3C03CC73D}.Debug|iPhoneSimulator.Build.0 = Debug|Any CPU
		{F8D708AD-6666-46F9-9D14-07E3C03CC73D}.Debug|iPhoneSimulator.Deploy.0 = Debug|Any CPU
		{F8D708AD-6666-46F9-9D14-07E3C03CC73D}.Release|Any CPU.ActiveCfg = Release|Any CPU
		{F8D708AD-6666-46F9-9D14-07E3C03CC73D}.Release|Any CPU.Build.0 = Release|Any CPU
		{F8D708AD-6666-46F9-9D14-07E3C03CC73D}.Release|Any CPU.Deploy.0 = Release|Any CPU
		{F8D708AD-6666-46F9-9D14-07E3C03CC73D}.Release|iPhone.ActiveCfg = Release|Any CPU
		{F8D708AD-6666-46F9-9D14-07E3C03CC73D}.Release|iPhone.Build.0 = Release|Any CPU
		{F8D708AD-6666-46F9-9D14-07E3C03CC73D}.Release|iPhone.Deploy.0 = Release|Any CPU
		{F8D708AD-6666-46F9-9D14-07E3C03CC73D}.Release|iPhoneSimulator.ActiveCfg = Release|Any CPU
		{F8D708AD-6666-46F9-9D14-07E3C03CC73D}.Release|iPhoneSimulator.Build.0 = Release|Any CPU
		{F8D708AD-6666-46F9-9D14-07E3C03CC73D}.Release|iPhoneSimulator.Deploy.0 = Release|Any CPU
	EndGlobalSection
	GlobalSection(SolutionProperties) = preSolution
		HideSolutionNode = FALSE
	EndGlobalSection
	GlobalSection(ExtensibilityGlobals) = postSolution
		SolutionGuid = {33EEF55B-C990-4ABE-B877-F90FDACBF9E7}
	EndGlobalSection
EndGlobal
